
Microsoft Visual Studio Solution File, Format Version 12.00
# Visual Studio Version 16
VisualStudioVersion = 16.0.30717.126
MinimumVisualStudioVersion = 10.0.40219.1
Project("{8BC9CEB8-8B4A-11D0-8D11-00A0C91BC942}") = "lab5", "lab5\lab5.vcxproj", "{6CCC3B03-5E42-4A49-862C-5402C0E1BA1C}"
EndProject
Project("{8BC9CEB8-8B4A-11D0-8D11-00A0C91BC942}") = "Client", "Client\Client.vcxproj", "{F8F311A2-EFB2-4755-96DF-7CAAD26BFF27}"
EndProject
Global
	GlobalSection(SolutionConfigurationPlatforms) = preSolution
		Debug|x64 = Debug|x64
		Debug|x86 = Debug|x86
		Release|x64 = Release|x64
		Release|x86 = Release|x86
	EndGlobalSection
	GlobalSection(ProjectConfigurationPlatforms) = postSolution
		{6CCC3B03-5E42-4A49-862C-5402C0E1BA1C}.Debug|x64.ActiveCfg = Debug|x64
		{6CCC3B03-5E42-4A49-862C-5402C0E1BA1C}.Debug|x64.Build.0 = Debug|x64
		{6CCC3B03-5E42-4A49-862C-5402C0E1BA1C}.Debug|x86.ActiveCfg = Debug|Win32
		{6CCC3B03-5E42-4A49-862C-5402C0E1BA1C}.Debug|x86.Build.0 = Debug|Win32
		{6CCC3B03-5E42-4A49-862C-5402C0E1BA1C}.Release|x64.ActiveCfg = Release|x64
		{6CCC3B03-5E42-4A49-862C-5402C0E1BA1C}.Release|x64.Build.0 = Release|x64
		{6CCC3B03-5E42-4A49-862C-5402C0E1BA1C}.Release|x86.ActiveCfg = Release|Win32
		{6CCC3B03-5E42-4A49-862C-5402C0E1BA1C}.Release|x86.Build.0 = Release|Win32
		{F8F311A2-EFB2-4755-96DF-7CAAD26BFF27}.Debug|x64.ActiveCfg = Debug|x64
		{F8F311A2-EFB2-4755-96DF-7CAAD26BFF27}.Debug|x64.Build.0 = Debug|x64
		{F8F311A2-EFB2-4755-96DF-7CAAD26BFF27}.Debug|x86.ActiveCfg = Debug|Win32
		{F8F311A2-EFB2-4755-96DF-7CAAD26BFF27}.Debug|x86.Build.0 = Debug|Win32
		{F8F311A2-EFB2-4755-96DF-7CAAD26BFF27}.Release|x64.ActiveCfg = Release|x64
		{F8F311A2-EFB2-4755-96DF-7CAAD26BFF27}.Release|x64.Build.0 = Release|x64
		{F8F311A2-EFB2-4755-96DF-7CAAD26BFF27}.Release|x86.ActiveCfg = Release|Win32
		{F8F311A2-EFB2-4755-96DF-7CAAD26BFF27}.Release|x86.Build.0 = Release|Win32
	EndGlobalSection
	GlobalSection(SolutionProperties) = preSolution
		HideSolutionNode = FALSE
	EndGlobalSection
	GlobalSection(ExtensibilityGlobals) = postSolution
		SolutionGuid = {709C073C-7F28-47C8-9465-E26D16CED90B}
	EndGlobalSection
EndGlobal
